Microsoft Visual Studio Solution File, Format Version 12.00
# Visual Studio Version 17
VisualStudioVersion = 17.0.31903.59
MinimumVisualStudioVersion = 10.0.40219.1
Project("{FAE04EC0-301F-11D3-BF4B-00C04F79EFBC}") = "SentryIntegrated", "SentryIntegrated\SentryIntegrated.csproj", "{7837DA89-3262-48B9-8B27-FC08AC31A07B}"
EndProject
Project("{FAE04EC0-301F-11D3-BF4B-00C04F79EFBC}") = "SentryIntegrated.Tests", "SentryIntegrated.Tests\SentryIntegrated.Tests.csproj", "{B8145B15-B3E7-46DD-A0D3-BE78939449DB}"
EndProject
Global
	GlobalSection(SolutionConfigurationPlatforms) = preSolution
		Debug|Any CPU = Debug|Any CPU
		Release|Any CPU = Release|Any CPU
	EndGlobalSection
	GlobalSection(ProjectConfigurationPlatforms) = postSolution
		{7837DA89-3262-48B9-8B27-FC08AC31A07B}.Debug|Any CPU.ActiveCfg = Debug|Any CPU
		{7837DA89-3262-48B9-8B27-FC08AC31A07B}.Debug|Any CPU.Build.0 = Debug|Any CPU
		{7837DA89-3262-48B9-8B27-FC08AC31A07B}.Release|Any CPU.ActiveCfg = Release|Any CPU
		{7837DA89-3262-48B9-8B27-FC08AC31A07B}.Release|Any CPU.Build.0 = Release|Any CPU
		{B8145B15-B3E7-46DD-A0D3-BE78939449DB}.Debug|Any CPU.ActiveCfg = Debug|Any CPU
		{B8145B15-B3E7-46DD-A0D3-BE78939449DB}.Debug|Any CPU.Build.0 = Debug|Any CPU
		{B8145B15-B3E7-46DD-A0D3-BE78939449DB}.Release|Any CPU.ActiveCfg = Release|Any CPU
		{B8145B15-B3E7-46DD-A0D3-BE78939449DB}.Release|Any CPU.Build.0 = Release|Any CPU
	EndGlobalSection
EndGlobal
